
Microsoft Visual Studio Solution File, Format Version 12.00
# Visual Studio Version 17
VisualStudioVersion = 17.8.34511.84
MinimumVisualStudioVersion = 10.0.40219.1
Project("{FAE04EC0-301F-11D3-BF4B-00C04F79EFBC}") = "MtLoanExt", "MtLoanExt\MtLoanExt.csproj", "{EDDFFA85-CB8C-47E9-A4AE-A46593D2048B}"
EndProject
Global
	GlobalSection(SolutionConfigurationPlatforms) = preSolution
		Debug|Any CPU = Debug|Any CPU
		Release|Any CPU = Release|Any CPU
	EndGlobalSection
	GlobalSection(ProjectConfigurationPlatforms) = postSolution
		{EDDFFA85-CB8C-47E9-A4AE-A46593D2048B}.Debug|Any CPU.ActiveCfg = Debug|Any CPU
		{EDDFFA85-CB8C-47E9-A4AE-A46593D2048B}.Debug|Any CPU.Build.0 = Debug|Any CPU
		{EDDFFA85-CB8C-47E9-A4AE-A46593D2048B}.Release|Any CPU.ActiveCfg = Release|Any CPU
		{EDDFFA85-CB8C-47E9-A4AE-A46593D2048B}.Release|Any CPU.Build.0 = Release|Any CPU
	EndGlobalSection
	GlobalSection(SolutionProperties) = preSolution
		HideSolutionNode = FALSE
	EndGlobalSection
	GlobalSection(ExtensibilityGlobals) = postSolution
		SolutionGuid = {4796AB12-9DDF-4A3F-A24C-022BC83220D8}
	EndGlobalSection
EndGlobal
